
Microsoft Visual Studio Solution File, Format Version 12.00
# Visual Studio Version 16
VisualStudioVersion = 16.0.30011.22
MinimumVisualStudioVersion = 10.0.40219.1
Project("{FAE04EC0-301F-11D3-BF4B-00C04F79EFBC}") = "00_VariablesAndValueTypes", "00_VariablesAndValueTypes\00_VariablesAndValueTypes.csproj", "{6CAAAFC0-41CB-48C5-80E2-CC1C7EB44012}"
EndProject
Project("{FAE04EC0-301F-11D3-BF4B-00C04F79EFBC}") = "01_ReferenceTypes", "01_ReferenceTypes\01_ReferenceTypes.csproj", "{BAC6F737-B157-437E-975C-45DB1E1714E9}"
EndProject
Project("{FAE04EC0-301F-11D3-BF4B-00C04F79EFBC}") = "02_Operators", "02_Operators\02_Operators.csproj", "{A90BCC80-EBDD-4D0F-8A88-DAFB20325AE0}"
EndProject
Project("{FAE04EC0-301F-11D3-BF4B-00C04F79EFBC}") = "03_IfElseStatements", "03_IfElseStatements\03_IfElseStatements.csproj", "{F5883DA1-E130-4983-917B-1E9AD37558C7}"
EndProject
Project("{FAE04EC0-301F-11D3-BF4B-00C04F79EFBC}") = "03_SwitchCases", "03_SwitchCases\03_SwitchCases.csproj", "{DB1DE1E0-E31E-4660-866F-368684A93C80}"
EndProject
Project("{FAE04EC0-301F-11D3-BF4B-00C04F79EFBC}") = "03_Ternaries", "03_Ternaries\03_Ternaries.csproj", "{BEBC5A87-966B-402A-810E-D4BED60D420D}"
EndProject
Project("{FAE04EC0-301F-11D3-BF4B-00C04F79EFBC}") = "04_Loops", "04_Loops\04_Loops.csproj", "{5ECB12A0-CF17-4D87-AFF8-7B8829AA5761}"
EndProject
Project("{FAE04EC0-301F-11D3-BF4B-00C04F79EFBC}") = "05_Methods", "05_Methods\05_Methods.csproj", "{AABBB052-AF38-4837-883E-640A4A986C32}"
EndProject
Project("{FAE04EC0-301F-11D3-BF4B-00C04F79EFBC}") = "06_Classes", "06_Classes\06_Classes.csproj", "{4C7311C0-B97B-496A-9FD4-13B28BA0CD92}"
EndProject
Project("{FAE04EC0-301F-11D3-BF4B-00C04F79EFBC}") = "07_RepositoryPattern_Tests", "07_RepositoryPattern_Tests\07_RepositoryPattern_Tests.csproj", "{7635AD9C-3AC3-4222-BCE8-FF2AFB210E4D}"
EndProject
Project("{FAE04EC0-301F-11D3-BF4B-00C04F79EFBC}") = "07_RepositoryPattern_Repository", "07_RepositoryPattern_Repository\07_RepositoryPattern_Repository.csproj", "{A6F5545A-8029-4D12-A342-180618C694A0}"
EndProject
Project("{FAE04EC0-301F-11D3-BF4B-00C04F79EFBC}") = "08_Inheritance_Classes", "08_Inheritance_Classes\08_Inheritance_Classes.csproj", "{6C361CC1-8C91-4571-BF43-95A169D1AC4A}"
EndProject
Project("{FAE04EC0-301F-11D3-BF4B-00C04F79EFBC}") = "08_Inheritance_Tests", "08_Inheritance_Tests\08_Inheritance_Tests.csproj", "{4B2D1121-6AA7-4E15-9968-0AD23B127085}"
EndProject
Project("{FAE04EC0-301F-11D3-BF4B-00C04F79EFBC}") = "08_StreamingContent_Inheritance", "08_StreamingContent_Inheritance\08_StreamingContent_Inheritance.csproj", "{CE07ED9C-1673-467B-825D-BCAB17F0A57A}"
EndProject
Project("{FAE04EC0-301F-11D3-BF4B-00C04F79EFBC}") = "09_StreamingContent_Console", "09_StreamingContent_Console\09_StreamingContent_Console.csproj", "{5D7E5384-068C-4ED0-B787-BA5A78CF6FB9}"
EndProject
Project("{FAE04EC0-301F-11D3-BF4B-00C04F79EFBC}") = "10_StreamingContent_UIRefactorTests", "10_StreamingContent_UIRefactorTests\10_StreamingContent_UIRefactorTests.csproj", "{E2D13785-940E-483A-895C-2A21217178F8}"
EndProject
Global
	GlobalSection(SolutionConfigurationPlatforms) = preSolution
		Debug|Any CPU = Debug|Any CPU
		Release|Any CPU = Release|Any CPU
	EndGlobalSection
	GlobalSection(ProjectConfigurationPlatforms) = postSolution
		{6CAAAFC0-41CB-48C5-80E2-CC1C7EB44012}.Debug|Any CPU.ActiveCfg = Debug|Any CPU
		{6CAAAFC0-41CB-48C5-80E2-CC1C7EB44012}.Debug|Any CPU.Build.0 = Debug|Any CPU
		{6CAAAFC0-41CB-48C5-80E2-CC1C7EB44012}.Release|Any CPU.ActiveCfg = Release|Any CPU
		{6CAAAFC0-41CB-48C5-80E2-CC1C7EB44012}.Release|Any CPU.Build.0 = Release|Any CPU
		{BAC6F737-B157-437E-975C-45DB1E1714E9}.Debug|Any CPU.ActiveCfg = Debug|Any CPU
		{BAC6F737-B157-437E-975C-45DB1E1714E9}.Debug|Any CPU.Build.0 = Debug|Any CPU
		{BAC6F737-B157-437E-975C-45DB1E1714E9}.Release|Any CPU.ActiveCfg = Release|Any CPU
		{BAC6F737-B157-437E-975C-45DB1E1714E9}.Release|Any CPU.Build.0 = Release|Any CPU
		{A90BCC80-EBDD-4D0F-8A88-DAFB20325AE0}.Debug|Any CPU.ActiveCfg = Debug|Any CPU
		{A90BCC80-EBDD-4D0F-8A88-DAFB20325AE0}.Debug|Any CPU.Build.0 = Debug|Any CPU
		{A90BCC80-EBDD-4D0F-8A88-DAFB20325AE0}.Release|Any CPU.ActiveCfg = Release|Any CPU
		{A90BCC80-EBDD-4D0F-8A88-DAFB20325AE0}.Release|Any CPU.Build.0 = Release|Any CPU
		{F5883DA1-E130-4983-917B-1E9AD37558C7}.Debug|Any CPU.ActiveCfg = Debug|Any CPU
		{F5883DA1-E130-4983-917B-1E9AD37558C7}.Debug|Any CPU.Build.0 = Debug|Any CPU
		{F5883DA1-E130-4983-917B-1E9AD37558C7}.Release|Any CPU.ActiveCfg = Release|Any CPU
		{F5883DA1-E130-4983-917B-1E9AD37558C7}.Release|Any CPU.Build.0 = Release|Any CPU
		{DB1DE1E0-E31E-4660-866F-368684A93C80}.Debug|Any CPU.ActiveCfg = Debug|Any CPU
		{DB1DE1E0-E31E-4660-866F-368684A93C80}.Debug|Any CPU.Build.0 = Debug|Any CPU
		{DB1DE1E0-E31E-4660-866F-368684A93C80}.Release|Any CPU.ActiveCfg = Release|Any CPU
		{DB1DE1E0-E31E-4660-866F-368684A93C80}.Release|Any CPU.Build.0 = Release|Any CPU
		{BEBC5A87-966B-402A-810E-D4BED60D420D}.Debug|Any CPU.ActiveCfg = Debug|Any CPU
		{BEBC5A87-966B-402A-810E-D4BED60D420D}.Debug|Any CPU.Build.0 = Debug|Any CPU
		{BEBC5A87-966B-402A-810E-D4BED60D420D}.Release|Any CPU.ActiveCfg = Release|Any CPU
		{BEBC5A87-966B-402A-810E-D4BED60D420D}.Release|Any CPU.Build.0 = Release|Any CPU
		{5ECB12A0-CF17-4D87-AFF8-7B8829AA5761}.Debug|Any CPU.ActiveCfg = Debug|Any CPU
		{5ECB12A0-CF17-4D87-AFF8-7B8829AA5761}.Debug|Any CPU.Build.0 = Debug|Any CPU
		{5ECB12A0-CF17-4D87-AFF8-7B8829AA5761}.Release|Any CPU.ActiveCfg = Release|Any CPU
		{5ECB12A0-CF17-4D87-AFF8-7B8829AA5761}.Release|Any CPU.Build.0 = Release|Any CPU
		{AABBB052-AF38-4837-883E-640A4A986C32}.Debug|Any CPU.ActiveCfg = Debug|Any CPU
		{AABBB052-AF38-4837-883E-640A4A986C32}.Debug|Any CPU.Build.0 = Debug|Any CPU
		{AABBB052-AF38-4837-883E-640A4A986C32}.Release|Any CPU.ActiveCfg = Release|Any CPU
		{AABBB052-AF38-4837-883E-640A4A986C32}.Release|Any CPU.Build.0 = Release|Any CPU
		{4C7311C0-B97B-496A-9FD4-13B28BA0CD92}.Debug|Any CPU.ActiveCfg = Debug|Any CPU
		{4C7311C0-B97B-496A-9FD4-13B28BA0CD92}.Debug|Any CPU.Build.0 = Debug|Any CPU
		{4C7311C0-B97B-496A-9FD4-13B28BA0CD92}.Release|Any CPU.ActiveCfg = Release|Any CPU
		{4C7311C0-B97B-496A-9FD4-13B28BA0CD92}.Release|Any CPU.Build.0 = Release|Any CPU
		{7635AD9C-3AC3-4222-BCE8-FF2AFB210E4D}.Debug|Any CPU.ActiveCfg = Debug|Any CPU
		{7635AD9C-3AC3-4222-BCE8-FF2AFB210E4D}.Debug|Any CPU.Build.0 = Debug|Any CPU
		{7635AD9C-3AC3-4222-BCE8-FF2AFB210E4D}.Release|Any CPU.ActiveCfg = Release|Any CPU
		{7635AD9C-3AC3-4222-BCE8-FF2AFB210E4D}.Release|Any CPU.Build.0 = Release|Any CPU
		{A6F5545A-8029-4D12-A342-180618C694A0}.Debug|Any CPU.ActiveCfg = Debug|Any CPU
		{A6F5545A-8029-4D12-A342-180618C694A0}.Debug|Any CPU.Build.0 = Debug|Any CPU
		{A6F5545A-8029-4D12-A342-180618C694A0}.Release|Any CPU.ActiveCfg = Release|Any CPU
		{A6F5545A-8029-4D12-A342-180618C694A0}.Release|Any CPU.Build.0 = Release|Any CPU
		{6C361CC1-8C91-4571-BF43-95A169D1AC4A}.Debug|Any CPU.ActiveCfg = Debug|Any CPU
		{6C361CC1-8C91-4571-BF43-95A169D1AC4A}.Debug|Any CPU.Build.0 = Debug|Any CPU
		{6C361CC1-8C91-4571-BF43-95A169D1AC4A}.Release|Any CPU.ActiveCfg = Release|Any CPU
		{6C361CC1-8C91-4571-BF43-95A169D1AC4A}.Release|Any CPU.Build.0 = Release|Any CPU
		{4B2D1121-6AA7-4E15-9968-0AD23B127085}.Debug|Any CPU.ActiveCfg = Debug|Any CPU
		{4B2D1121-6AA7-4E15-9968-0AD23B127085}.Debug|Any CPU.Build.0 = Debug|Any CPU
		{4B2D1121-6AA7-4E15-9968-0AD23B127085}.Release|Any CPU.ActiveCfg = Release|Any CPU
		{4B2D1121-6AA7-4E15-9968-0AD23B127085}.Release|Any CPU.Build.0 = Release|Any CPU
		{CE07ED9C-1673-467B-825D-BCAB17F0A57A}.Debug|Any CPU.ActiveCfg = Debug|Any CPU
		{CE07ED9C-1673-467B-825D-BCAB17F0A57A}.Debug|Any CPU.Build.0 = Debug|Any CPU
		{CE07ED9C-1673-467B-825D-BCAB17F0A57A}.Release|Any CPU.ActiveCfg = Release|Any CPU
		{CE07ED9C-1673-467B-825D-BCAB17F0A57A}.Release|Any CPU.Build.0 = Release|Any CPU
		{5D7E5384-068C-4ED0-B787-BA5A78CF6FB9}.Debug|Any CPU.ActiveCfg = Debug|Any CPU
		{5D7E5384-068C-4ED0-B787-BA5A78CF6FB9}.Debug|Any CPU.Build.0 = Debug|Any CPU
		{5D7E5384-068C-4ED0-B787-BA5A78CF6FB9}.Release|Any CPU.ActiveCfg = Release|Any CPU
		{5D7E5384-068C-4ED0-B787-BA5A78CF6FB9}.Release|Any CPU.Build.0 = Release|Any CPU
		{E2D13785-940E-483A-895C-2A21217178F8}.Debug|Any CPU.ActiveCfg = Debug|Any CPU
		{E2D13785-940E-483A-895C-2A21217178F8}.Debug|Any CPU.Build.0 = Debug|Any CPU
		{E2D13785-940E-483A-895C-2A21217178F8}.Release|Any CPU.ActiveCfg = Release|Any CPU
		{E2D13785-940E-483A-895C-2A21217178F8}.Release|Any CPU.Build.0 = Release|Any CPU
	EndGlobalSection
	GlobalSection(SolutionProperties) = preSolution
		HideSolutionNode = FALSE
	EndGlobalSection
	GlobalSection(ExtensibilityGlobals) = postSolution
		SolutionGuid = {AD0EDCD1-5167-4A73-AFF9-397BCCF8AD55}
	EndGlobalSection
EndGlobal
